
Microsoft Visual Studio Solution File, Format Version 12.00
# Visual Studio Version 17
VisualStudioVersion = 17.4.33110.190
MinimumVisualStudioVersion = 10.0.40219.1
Project("{FAE04EC0-301F-11D3-BF4B-00C04F79EFBC}") = "Dung_Beauty", "Dung_Beauty\Dung_Beauty.csproj", "{A98DF403-B50F-4F08-9A07-6B79127AEF4F}"
EndProject
Global
	GlobalSection(SolutionConfigurationPlatforms) = preSolution
		Debug|Any CPU = Debug|Any CPU
		Release|Any CPU = Release|Any CPU
	EndGlobalSection
	GlobalSection(ProjectConfigurationPlatforms) = postSolution
		{A98DF403-B50F-4F08-9A07-6B79127AEF4F}.Debug|Any CPU.ActiveCfg = Debug|Any CPU
		{A98DF403-B50F-4F08-9A07-6B79127AEF4F}.Debug|Any CPU.Build.0 = Debug|Any CPU
		{A98DF403-B50F-4F08-9A07-6B79127AEF4F}.Release|Any CPU.ActiveCfg = Release|Any CPU
		{A98DF403-B50F-4F08-9A07-6B79127AEF4F}.Release|Any CPU.Build.0 = Release|Any CPU
	EndGlobalSection
	GlobalSection(SolutionProperties) = preSolution
		HideSolutionNode = FALSE
	EndGlobalSection
	GlobalSection(ExtensibilityGlobals) = postSolution
		SolutionGuid = {9B354CB5-4530-41F0-AEC7-85C066E54A4D}
	EndGlobalSection
EndGlobal
